
Microsoft Visual Studio Solution File, Format Version 12.00
# Visual Studio Version 16
VisualStudioVersion = 16.0.32228.343
MinimumVisualStudioVersion = 10.0.40219.1
Project("{FAE04EC0-301F-11D3-BF4B-00C04F79EFBC}") = "InClass_7584", "InClass_7584\InClass_7584.csproj", "{BD7250CD-7A58-44E0-9D3A-A283F7AFDE8D}"
EndProject
Global
	GlobalSection(SolutionConfigurationPlatforms) = preSolution
		Debug|Any CPU = Debug|Any CPU
		Release|Any CPU = Release|Any CPU
	EndGlobalSection
	GlobalSection(ProjectConfigurationPlatforms) = postSolution
		{BD7250CD-7A58-44E0-9D3A-A283F7AFDE8D}.Debug|Any CPU.ActiveCfg = Debug|Any CPU
		{BD7250CD-7A58-44E0-9D3A-A283F7AFDE8D}.Debug|Any CPU.Build.0 = Debug|Any CPU
		{BD7250CD-7A58-44E0-9D3A-A283F7AFDE8D}.Release|Any CPU.ActiveCfg = Release|Any CPU
		{BD7250CD-7A58-44E0-9D3A-A283F7AFDE8D}.Release|Any CPU.Build.0 = Release|Any CPU
	EndGlobalSection
	GlobalSection(SolutionProperties) = preSolution
		HideSolutionNode = FALSE
	EndGlobalSection
	GlobalSection(ExtensibilityGlobals) = postSolution
		SolutionGuid = {5299457A-35DC-4FFB-A152-E3F917CE3CC3}
	EndGlobalSection
EndGlobal
